// !$*UTF8*$!
{
	archiveVersion = 1;
	classes = {
	};
	objectVersion = 46;
	objects = {

/* Begin PBXBuildFile section */
		1A211F5D79A74511A329D32A /* libPods.a in Frameworks */ = {isa = PBXBuildFile; fileRef = 8E45BFC5275F44FFA686BC19 /* libPods.a */; };
		C34B70D018D4F7D3007D12D4 /* RecipeDetailViewController.m in Sources */ = {isa = PBXBuildFile; fileRef = C34B70CF18D4F7D3007D12D4 /* RecipeDetailViewController.m */; };
		C3EAAE9918D0A8F30097AE02 /* Foundation.framework in Frameworks */ = {isa = PBXBuildFile; fileRef = C3EAAE9818D0A8F30097AE02 /* Foundation.framework */; };
		C3EAAE9B18D0A8F30097AE02 /* CoreGraphics.framework in Frameworks */ = {isa = PBXBuildFile; fileRef = C3EAAE9A18D0A8F30097AE02 /* CoreGraphics.framework */; };
		C3EAAE9D18D0A8F30097AE02 /* UIKit.framework in Frameworks */ = {isa = PBXBuildFile; fileRef = C3EAAE9C18D0A8F30097AE02 /* UIKit.framework */; };
		C3EAAE9F18D0A8F30097AE02 /* CoreData.framework in Frameworks */ = {isa = PBXBuildFile; fileRef = C3EAAE9E18D0A8F30097AE02 /* CoreData.framework */; };
		C3EAAEA518D0A8F30097AE02 /* InfoPlist.strings in Resources */ = {isa = PBXBuildFile; fileRef = C3EAAEA318D0A8F30097AE02 /* InfoPlist.strings */; };
		C3EAAEA718D0A8F30097AE02 /* main.m in Sources */ = {isa = PBXBuildFile; fileRef = C3EAAEA618D0A8F30097AE02 /* main.m */; };
		C3EAAEAB18D0A8F30097AE02 /* AppDelegate.m in Sources */ = {isa = PBXBuildFile; fileRef = C3EAAEAA18D0A8F30097AE02 /* AppDelegate.m */; };
		C3EAAEAE18D0A8F30097AE02 /* RecipesNinja.xcdatamodeld in Sources */ = {isa = PBXBuildFile; fileRef = C3EAAEAC18D0A8F30097AE02 /* RecipesNinja.xcdatamodeld */; };
		C3EAAEB018D0A8F30097AE02 /* Images.xcassets in Resources */ = {isa = PBXBuildFile; fileRef = C3EAAEAF18D0A8F30097AE02 /* Images.xcassets */; };
		C3EAAEB718D0A8F30097AE02 /* XCTest.framework in Frameworks */ = {isa = PBXBuildFile; fileRef = C3EAAEB618D0A8F30097AE02 /* XCTest.framework */; };
		C3EAAEB818D0A8F30097AE02 /* Foundation.framework in Frameworks */ = {isa = PBXBuildFile; fileRef = C3EAAE9818D0A8F30097AE02 /* Foundation.framework */; };
		C3EAAEB918D0A8F30097AE02 /* UIKit.framework in Frameworks */ = {isa = PBXBuildFile; fileRef = C3EAAE9C18D0A8F30097AE02 /* UIKit.framework */; };
		C3EAAEBA18D0A8F30097AE02 /* CoreData.framework in Frameworks */ = {isa = PBXBuildFile; fileRef = C3EAAE9E18D0A8F30097AE02 /* CoreData.framework */; };
		C3EAAEC218D0A8F30097AE02 /* InfoPlist.strings in Resources */ = {isa = PBXBuildFile; fileRef = C3EAAEC018D0A8F30097AE02 /* InfoPlist.strings */; };
		C3EAAEC418D0A8F30097AE02 /* RecipesNinjaTests.m in Sources */ = {isa = PBXBuildFile; fileRef = C3EAAEC318D0A8F30097AE02 /* RecipesNinjaTests.m */; };
		C3ECFA3518D231E6006598FC /* RecipesTableViewCell.m in Sources */ = {isa = PBXBuildFile; fileRef = C3ECFA3418D231E6006598FC /* RecipesTableViewCell.m */; };
		C3ECFA3E18D235D9006598FC /* _Recipe.m in Sources */ = {isa = PBXBuildFile; fileRef = C3ECFA3D18D235D9006598FC /* _Recipe.m */; };
		C3ECFA4018D23A74006598FC /* QuartzCore.framework in Frameworks */ = {isa = PBXBuildFile; fileRef = C3ECFA3F18D23A74006598FC /* QuartzCore.framework */; };
		C3ECFA4218D25F7F006598FC /* README.md in Resources */ = {isa = PBXBuildFile; fileRef = C3ECFA4118D25F7F006598FC /* README.md */; };
		C3F76DE318D1A48F00BC5467 /* RecipesAPIClient.m in Sources */ = {isa = PBXBuildFile; fileRef = C3F76DE218D1A48F00BC5467 /* RecipesAPIClient.m */; };
		C3F76DEA18D1AAA100BC5467 /* Recipe.m in Sources */ = {isa = PBXBuildFile; fileRef = C3F76DE818D1AAA100BC5467 /* Recipe.m */; };
		C3F76DEF18D1AD5F00BC5467 /* RecipesTableViewController.m in Sources */ = {isa = PBXBuildFile; fileRef = C3F76DEE18D1AD5F00BC5467 /* RecipesTableViewController.m */; };
		C3F76DF218D1B20700BC5467 /* RecipesIncrementalStore.m in Sources */ = {isa = PBXBuildFile; fileRef = C3F76DF118D1B20700BC5467 /* RecipesIncrementalStore.m */; };
/* End PBXBuildFile section */

/* Begin PBXContainerItemProxy section */
		C3EAAEBB18D0A8F30097AE02 /* PBXContainerItemProxy */ = {
			isa = PBXContainerItemProxy;
			containerPortal = C3EAAE8D18D0A8F30097AE02 /* Project object */;
			proxyType = 1;
			remoteGlobalIDString = C3EAAE9418D0A8F30097AE02;
			remoteInfo = RecipesNinja;
		};
/* End PBXContainerItemProxy section */

/* Begin PBXFileReference section */
		8E45BFC5275F44FFA686BC19 /* libPods.a */ = {isa = PBXFileReference; explicitFileType = archive.ar; includeInIndex = 0; path = libPods.a; sourceTree = BUILT_PRODUCTS_DIR; };
		A5D11F6BC6034BD9959A4AD1 /* Pods.xcconfig */ = {isa = PBXFileReference; includeInIndex = 1; lastKnownFileType = text.xcconfig; name = Pods.xcconfig; path = Pods/Pods.xcconfig; sourceTree = "<group>"; };
		C34B70CE18D4F7D3007D12D4 /* RecipeDetailViewController.h */ = {isa = PBXFileReference; fileEncoding = 4; lastKnownFileType = sourcecode.c.h; path = RecipeDetailViewController.h; sourceTree = "<group>"; };
		C34B70CF18D4F7D3007D12D4 /* RecipeDetailViewController.m */ = {isa = PBXFileReference; fileEncoding = 4; lastKnownFileType = sourcecode.c.objc; path = RecipeDetailViewController.m; sourceTree = "<group>"; };
		C3EAAE9518D0A8F30097AE02 /* RecipesNinja.app */ = {isa = PBXFileReference; explicitFileType = wrapper.application; includeInIndex = 0; path = RecipesNinja.app; sourceTree = BUILT_PRODUCTS_DIR; };
		C3EAAE9818D0A8F30097AE02 /* Foundation.framework */ = {isa = PBXFileReference; lastKnownFileType = wrapper.framework; name = Foundation.framework; path = System/Library/Frameworks/Foundation.framework; sourceTree = SDKROOT; };
		C3EAAE9A18D0A8F30097AE02 /* CoreGraphics.framework */ = {isa = PBXFileReference; lastKnownFileType = wrapper.framework; name = CoreGraphics.framework; path = System/Library/Frameworks/CoreGraphics.framework; sourceTree = SDKROOT; };
		C3EAAE9C18D0A8F30097AE02 /* UIKit.framework */ = {isa = PBXFileReference; lastKnownFileType = wrapper.framework; name = UIKit.framework; path = System/Library/Frameworks/UIKit.framework; sourceTree = SDKROOT; };
		C3EAAE9E18D0A8F30097AE02 /* CoreData.framework */ = {isa = PBXFileReference; lastKnownFileType = wrapper.framework; name = CoreData.framework; path = System/Library/Frameworks/CoreData.framework; sourceTree = SDKROOT; };
		C3EAAEA218D0A8F30097AE02 /* RecipesNinja-Info.plist */ = {isa = PBXFileReference; lastKnownFileType = text.plist.xml; path = "RecipesNinja-Info.plist"; sourceTree = "<group>"; };
		C3EAAEA418D0A8F30097AE02 /* en */ = {isa = PBXFileReference; lastKnownFileType = text.plist.strings; name = en; path = en.lproj/InfoPlist.strings; sourceTree = "<group>"; };
		C3EAAEA618D0A8F30097AE02 /* main.m */ = {isa = PBXFileReference; lastKnownFileType = sourcecode.c.objc; path = main.m; sourceTree = "<group>"; };
		C3EAAEA818D0A8F30097AE02 /* RecipesNinja-Prefix.pch */ = {isa = PBXFileReference; lastKnownFileType = sourcecode.c.h; path = "RecipesNinja-Prefix.pch"; sourceTree = "<group>"; };
		C3EAAEA918D0A8F30097AE02 /* AppDelegate.h */ = {isa = PBXFileReference; lastKnownFileType = sourcecode.c.h; path = AppDelegate.h; sourceTree = "<group>"; };
		C3EAAEAA18D0A8F30097AE02 /* AppDelegate.m */ = {isa = PBXFileReference; lastKnownFileType = sourcecode.c.objc; path = AppDelegate.m; sourceTree = "<group>"; };
		C3EAAEAD18D0A8F30097AE02 /* RecipesNinja.xcdatamodel */ = {isa = PBXFileReference; lastKnownFileType = wrapper.xcdatamodel; path = RecipesNinja.xcdatamodel; sourceTree = "<group>"; };
		C3EAAEAF18D0A8F30097AE02 /* Images.xcassets */ = {isa = PBXFileReference; lastKnownFileType = folder.assetcatalog; path = Images.xcassets; sourceTree = "<group>"; };
		C3EAAEB518D0A8F30097AE02 /* RecipesNinjaTests.xctest */ = {isa = PBXFileReference; explicitFileType = wrapper.cfbundle; includeInIndex = 0; path = RecipesNinjaTests.xctest; sourceTree = BUILT_PRODUCTS_DIR; };
		C3EAAEB618D0A8F30097AE02 /* XCTest.framework */ = {isa = PBXFileReference; lastKnownFileType = wrapper.framework; name = XCTest.framework; path = Library/Frameworks/XCTest.framework; sourceTree = DEVELOPER_DIR; };
		C3EAAEBF18D0A8F30097AE02 /* RecipesNinjaTests-Info.plist */ = {isa = PBXFileReference; lastKnownFileType = text.plist.xml; path = "RecipesNinjaTests-Info.plist"; sourceTree = "<group>"; };
		C3EAAEC118D0A8F30097AE02 /* en */ = {isa = PBXFileReference; lastKnownFileType = text.plist.strings; name = en; path = en.lproj/InfoPlist.strings; sourceTree = "<group>"; };
		C3EAAEC318D0A8F30097AE02 /* RecipesNinjaTests.m */ = {isa = PBXFileReference; lastKnownFileType = sourcecode.c.objc; path = RecipesNinjaTests.m; sourceTree = "<group>"; };
		C3ECFA3318D231E6006598FC /* RecipesTableViewCell.h */ = {isa = PBXFileReference; fileEncoding = 4; lastKnownFileType = sourcecode.c.h; path = RecipesTableViewCell.h; sourceTree = "<group>"; };
		C3ECFA3418D231E6006598FC /* RecipesTableViewCell.m */ = {isa = PBXFileReference; fileEncoding = 4; lastKnownFileType = sourcecode.c.objc; path = RecipesTableViewCell.m; sourceTree = "<group>"; };
		C3ECFA3C18D235D9006598FC /* _Recipe.h */ = {isa = PBXFileReference; fileEncoding = 4; lastKnownFileType = sourcecode.c.h; path = _Recipe.h; sourceTree = "<group>"; };
		C3ECFA3D18D235D9006598FC /* _Recipe.m */ = {isa = PBXFileReference; fileEncoding = 4; lastKnownFileType = sourcecode.c.objc; path = _Recipe.m; sourceTree = "<group>"; };
		C3ECFA3F18D23A74006598FC /* QuartzCore.framework */ = {isa = PBXFileReference; lastKnownFileType = wrapper.framework; name = QuartzCore.framework; path = System/Library/Frameworks/QuartzCore.framework; sourceTree = SDKROOT; };
		C3ECFA4118D25F7F006598FC /* README.md */ = {isa = PBXFileReference; fileEncoding = 4; lastKnownFileType = text; path = README.md; sourceTree = SOURCE_ROOT; };
		C3F76DE118D1A48F00BC5467 /* RecipesAPIClient.h */ = {isa = PBXFileReference; fileEncoding = 4; lastKnownFileType = sourcecode.c.h; path = RecipesAPIClient.h; sourceTree = "<group>"; };
		C3F76DE218D1A48F00BC5467 /* RecipesAPIClient.m */ = {isa = PBXFileReference; fileEncoding = 4; lastKnownFileType = sourcecode.c.objc; path = RecipesAPIClient.m; sourceTree = "<group>"; };
		C3F76DE718D1AAA100BC5467 /* Recipe.h */ = {isa = PBXFileReference; fileEncoding = 4; lastKnownFileType = sourcecode.c.h; path = Recipe.h; sourceTree = "<group>"; };
		C3F76DE818D1AAA100BC5467 /* Recipe.m */ = {isa = PBXFileReference; fileEncoding = 4; lastKnownFileType = sourcecode.c.objc; path = Recipe.m; sourceTree = "<group>"; };
		C3F76DED18D1AD5F00BC5467 /* RecipesTableViewController.h */ = {isa = PBXFileReference; fileEncoding = 4; lastKnownFileType = sourcecode.c.h; path = RecipesTableViewController.h; sourceTree = "<group>"; };
		C3F76DEE18D1AD5F00BC5467 /* RecipesTableViewController.m */ = {isa = PBXFileReference; fileEncoding = 4; lastKnownFileType = sourcecode.c.objc; path = RecipesTableViewController.m; sourceTree = "<group>"; };
		C3F76DF018D1B20700BC5467 /* RecipesIncrementalStore.h */ = {isa = PBXFileReference; fileEncoding = 4; lastKnownFileType = sourcecode.c.h; path = RecipesIncrementalStore.h; sourceTree = "<group>"; };
		C3F76DF118D1B20700BC5467 /* RecipesIncrementalStore.m */ = {isa = PBXFileReference; fileEncoding = 4; lastKnownFileType = sourcecode.c.objc; path = RecipesIncrementalStore.m; sourceTree = "<group>"; };
/* End PBXFileReference section */

/* Begin PBXFrameworksBuildPhase section */
		C3EAAE9218D0A8F30097AE02 /* Frameworks */ = {
			isa = PBXFrameworksBuildPhase;
			buildActionMask = 2147483647;
			files = (
				C3ECFA4018D23A74006598FC /* QuartzCore.framework in Frameworks */,
				C3EAAE9B18D0A8F30097AE02 /* CoreGraphics.framework in Frameworks */,
				C3EAAE9F18D0A8F30097AE02 /* CoreData.framework in Frameworks */,
				C3EAAE9D18D0A8F30097AE02 /* UIKit.framework in Frameworks */,
				C3EAAE9918D0A8F30097AE02 /* Foundation.framework in Frameworks */,
				1A211F5D79A74511A329D32A /* libPods.a in Frameworks */,
			);
			runOnlyForDeploymentPostprocessing = 0;
		};
		C3EAAEB218D0A8F30097AE02 /* Frameworks */ = {
			isa = PBXFrameworksBuildPhase;
			buildActionMask = 2147483647;
			files = (
				C3EAAEB718D0A8F30097AE02 /* XCTest.framework in Frameworks */,
				C3EAAEBA18D0A8F30097AE02 /* CoreData.framework in Frameworks */,
				C3EAAEB918D0A8F30097AE02 /* UIKit.framework in Frameworks */,
				C3EAAEB818D0A8F30097AE02 /* Foundation.framework in Frameworks */,
			);
			runOnlyForDeploymentPostprocessing = 0;
		};
/* End PBXFrameworksBuildPhase section */

/* Begin PBXGroup section */
		C3EAAE8C18D0A8F30097AE02 = {
			isa = PBXGroup;
			children = (
				C3EAAEA018D0A8F30097AE02 /* RecipesNinja */,
				C3EAAEBD18D0A8F30097AE02 /* RecipesNinjaTests */,
				C3EAAE9718D0A8F30097AE02 /* Frameworks */,
				C3EAAE9618D0A8F30097AE02 /* Products */,
				A5D11F6BC6034BD9959A4AD1 /* Pods.xcconfig */,
			);
			sourceTree = "<group>";
		};
		C3EAAE9618D0A8F30097AE02 /* Products */ = {
			isa = PBXGroup;
			children = (
				C3EAAE9518D0A8F30097AE02 /* RecipesNinja.app */,
				C3EAAEB518D0A8F30097AE02 /* RecipesNinjaTests.xctest */,
			);
			name = Products;
			sourceTree = "<group>";
		};
		C3EAAE9718D0A8F30097AE02 /* Frameworks */ = {
			isa = PBXGroup;
			children = (
				C3ECFA3F18D23A74006598FC /* QuartzCore.framework */,
				C3EAAE9818D0A8F30097AE02 /* Foundation.framework */,
				C3EAAE9A18D0A8F30097AE02 /* CoreGraphics.framework */,
				C3EAAE9C18D0A8F30097AE02 /* UIKit.framework */,
				C3EAAE9E18D0A8F30097AE02 /* CoreData.framework */,
				C3EAAEB618D0A8F30097AE02 /* XCTest.framework */,
				8E45BFC5275F44FFA686BC19 /* libPods.a */,
			);
			name = Frameworks;
			sourceTree = "<group>";
		};
		C3EAAEA018D0A8F30097AE02 /* RecipesNinja */ = {
			isa = PBXGroup;
			children = (
				C3F76DE418D1A49B00BC5467 /* AFNetworking */,
				C3F76DEB18D1AAB000BC5467 /* CoreDataModels */,
				C3F76DEC18D1AAC000BC5467 /* Models */,
				C3EAAEA918D0A8F30097AE02 /* AppDelegate.h */,
				C3EAAEAA18D0A8F30097AE02 /* AppDelegate.m */,
				C3F76DED18D1AD5F00BC5467 /* RecipesTableViewController.h */,
				C3F76DEE18D1AD5F00BC5467 /* RecipesTableViewController.m */,
				C3ECFA3318D231E6006598FC /* RecipesTableViewCell.h */,
				C3ECFA3418D231E6006598FC /* RecipesTableViewCell.m */,
				C34B70CE18D4F7D3007D12D4 /* RecipeDetailViewController.h */,
				C34B70CF18D4F7D3007D12D4 /* RecipeDetailViewController.m */,
				C3EAAEAF18D0A8F30097AE02 /* Images.xcassets */,
				C3EAAEAC18D0A8F30097AE02 /* RecipesNinja.xcdatamodeld */,
				C3EAAEA118D0A8F30097AE02 /* Supporting Files */,
			);
			path = RecipesNinja;
			sourceTree = "<group>";
		};
		C3EAAEA118D0A8F30097AE02 /* Supporting Files */ = {
			isa = PBXGroup;
			children = (
				C3ECFA4118D25F7F006598FC /* README.md */,
				C3EAAEA218D0A8F30097AE02 /* RecipesNinja-Info.plist */,
				C3EAAEA318D0A8F30097AE02 /* InfoPlist.strings */,
				C3EAAEA618D0A8F30097AE02 /* main.m */,
				C3EAAEA818D0A8F30097AE02 /* RecipesNinja-Prefix.pch */,
			);
			name = "Supporting Files";
			sourceTree = "<group>";
		};
		C3EAAEBD18D0A8F30097AE02 /* RecipesNinjaTests */ = {
			isa = PBXGroup;
			children = (
				C3EAAEC318D0A8F30097AE02 /* RecipesNinjaTests.m */,
				C3EAAEBE18D0A8F30097AE02 /* Supporting Files */,
			);
			path = RecipesNinjaTests;
			sourceTree = "<group>";
		};
		C3EAAEBE18D0A8F30097AE02 /* Supporting Files */ = {
			isa = PBXGroup;
			children = (
				C3EAAEBF18D0A8F30097AE02 /* RecipesNinjaTests-Info.plist */,
				C3EAAEC018D0A8F30097AE02 /* InfoPlist.strings */,
			);
			name = "Supporting Files";
			sourceTree = "<group>";
		};
		C3F76DE418D1A49B00BC5467 /* AFNetworking */ = {
			isa = PBXGroup;
			children = (
				C3F76DE118D1A48F00BC5467 /* RecipesAPIClient.h */,
				C3F76DE218D1A48F00BC5467 /* RecipesAPIClient.m */,
				C3F76DF018D1B20700BC5467 /* RecipesIncrementalStore.h */,
				C3F76DF118D1B20700BC5467 /* RecipesIncrementalStore.m */,
			);
			name = AFNetworking;
			sourceTree = "<group>";
		};
		C3F76DEB18D1AAB000BC5467 /* CoreDataModels */ = {
			isa = PBXGroup;
			children = (
				C3ECFA3C18D235D9006598FC /* _Recipe.h */,
				C3ECFA3D18D235D9006598FC /* _Recipe.m */,
			);
			name = CoreDataModels;
			sourceTree = "<group>";
		};
		C3F76DEC18D1AAC000BC5467 /* Models */ = {
			isa = PBXGroup;
			children = (
				C3F76DE718D1AAA100BC5467 /* Recipe.h */,
				C3F76DE818D1AAA100BC5467 /* Recipe.m */,
			);
			name = Models;
			sourceTree = "<group>";
		};
/* End PBXGroup section */

/* Begin PBXNativeTarget section */
		C3EAAE9418D0A8F30097AE02 /* RecipesNinja */ = {
			isa = PBXNativeTarget;
			buildConfigurationList = C3EAAEC718D0A8F30097AE02 /* Build configuration list for PBXNativeTarget "RecipesNinja" */;
			buildPhases = (
				6B85FB95BF6E419AB3026723 /* Check Pods Manifest.lock */,
				C3EAAE9118D0A8F30097AE02 /* Sources */,
				C3EAAE9218D0A8F30097AE02 /* Frameworks */,
				C3EAAE9318D0A8F30097AE02 /* Resources */,
				04B1CC1E8FB5409A866C9ED7 /* Copy Pods Resources */,
			);
			buildRules = (
			);
			dependencies = (
			);
			name = RecipesNinja;
			productName = RecipesNinja;
			productReference = C3EAAE9518D0A8F30097AE02 /* RecipesNinja.app */;
			productType = "com.apple.product-type.application";
		};
		C3EAAEB418D0A8F30097AE02 /* RecipesNinjaTests */ = {
			isa = PBXNativeTarget;
			buildConfigurationList = C3EAAECA18D0A8F30097AE02 /* Build configuration list for PBXNativeTarget "RecipesNinjaTests" */;
			buildPhases = (
				C3EAAEB118D0A8F30097AE02 /* Sources */,
				C3EAAEB218D0A8F30097AE02 /* Frameworks */,
				C3EAAEB318D0A8F30097AE02 /* Resources */,
			);
			buildRules = (
			);
			dependencies = (
				C3EAAEBC18D0A8F30097AE02 /* PBXTargetDependency */,
			);
			name = RecipesNinjaTests;
			productName = RecipesNinjaTests;
			productReference = C3EAAEB518D0A8F30097AE02 /* RecipesNinjaTests.xctest */;
			productType = "com.apple.product-type.bundle.unit-test";
		};
/* End PBXNativeTarget section */

/* Begin PBXProject section */
		C3EAAE8D18D0A8F30097AE02 /* Project object */ = {
			isa = PBXProject;
			attributes = {
				LastUpgradeCheck = 0510;
				ORGANIZATIONNAME = "GaSa Media";
				TargetAttributes = {
					C3EAAEB418D0A8F30097AE02 = {
						TestTargetID = C3EAAE9418D0A8F30097AE02;
					};
				};
			};
			buildConfigurationList = C3EAAE9018D0A8F30097AE02 /* Build configuration list for PBXProject "RecipesNinja" */;
			compatibilityVersion = "Xcode 3.2";
			developmentRegion = English;
			hasScannedForEncodings = 0;
			knownRegions = (
				en,
			);
			mainGroup = C3EAAE8C18D0A8F30097AE02;
			productRefGroup = C3EAAE9618D0A8F30097AE02 /* Products */;
			projectDirPath = "";
			projectRoot = "";
			targets = (
				C3EAAE9418D0A8F30097AE02 /* RecipesNinja */,
				C3EAAEB418D0A8F30097AE02 /* RecipesNinjaTests */,
			);
		};
/* End PBXProject section */

/* Begin PBXResourcesBuildPhase section */
		C3EAAE9318D0A8F30097AE02 /* Resources */ = {
			isa = PBXResourcesBuildPhase;
			buildActionMask = 2147483647;
			files = (
				C3ECFA4218D25F7F006598FC /* README.md in Resources */,
				C3EAAEA518D0A8F30097AE02 /* InfoPlist.strings in Resources */,
				C3EAAEB018D0A8F30097AE02 /* Images.xcassets in Resources */,
			);
			runOnlyForDeploymentPostprocessing = 0;
		};
		C3EAAEB318D0A8F30097AE02 /* Resources */ = {
			isa = PBXResourcesBuildPhase;
			buildActionMask = 2147483647;
			files = (
				C3EAAEC218D0A8F30097AE02 /* InfoPlist.strings in Resources */,
			);
			runOnlyForDeploymentPostprocessing = 0;
		};
/* End PBXResourcesBuildPhase section */

/* Begin PBXShellScriptBuildPhase section */
		04B1CC1E8FB5409A866C9ED7 /* Copy Pods Resources */ = {
			isa = PBXShellScriptBuildPhase;
			buildActionMask = 2147483647;
			files = (
			);
			inputPaths = (
			);
			name = "Copy Pods Resources";
			outputPaths = (
			);
			runOnlyForDeploymentPostprocessing = 0;
			shellPath = /bin/sh;
			shellScript = "\"${SRCROOT}/Pods/Pods-resources.sh\"\n";
			showEnvVarsInLog = 0;
		};
		6B85FB95BF6E419AB3026723 /* Check Pods Manifest.lock */ = {
			isa = PBXShellScriptBuildPhase;
			buildActionMask = 2147483647;
			files = (
			);
			inputPaths = (
			);
			name = "Check Pods Manifest.lock";
			outputPaths = (
			);
			runOnlyForDeploymentPostprocessing = 0;
			shellPath = /bin/sh;
			shellScript = "diff \"${PODS_ROOT}/../Podfile.lock\" \"${PODS_ROOT}/Manifest.lock\" > /dev/null\nif [[ $? != 0 ]] ; then\n    cat << EOM\nerror: The sandbox is not in sync with the Podfile.lock. Run 'pod install' or update your CocoaPods installation.\nEOM\n    exit 1\nfi\n";
			showEnvVarsInLog = 0;
		};
/* End PBXShellScriptBuildPhase section */

/* Begin PBXSourcesBuildPhase section */
		C3EAAE9118D0A8F30097AE02 /* Sources */ = {
			isa = PBXSourcesBuildPhase;
			buildActionMask = 2147483647;
			files = (
				C3F76DEA18D1AAA100BC5467 /* Recipe.m in Sources */,
				C3F76DF218D1B20700BC5467 /* RecipesIncrementalStore.m in Sources */,
				C3EAAEAB18D0A8F30097AE02 /* AppDelegate.m in Sources */,
				C3F76DEF18D1AD5F00BC5467 /* RecipesTableViewController.m in Sources */,
				C3ECFA3E18D235D9006598FC /* _Recipe.m in Sources */,
				C3F76DE318D1A48F00BC5467 /* RecipesAPIClient.m in Sources */,
				C3EAAEAE18D0A8F30097AE02 /* RecipesNinja.xcdatamodeld in Sources */,
				C3ECFA3518D231E6006598FC /* RecipesTableViewCell.m in Sources */,
				C3EAAEA718D0A8F30097AE02 /* main.m in Sources */,
				C34B70D018D4F7D3007D12D4 /* RecipeDetailViewController.m in Sources */,
			);
			runOnlyForDeploymentPostprocessing = 0;
		};
		C3EAAEB118D0A8F30097AE02 /* Sources */ = {
			isa = PBXSourcesBuildPhase;
			buildActionMask = 2147483647;
			files = (
				C3EAAEC418D0A8F30097AE02 /* RecipesNinjaTests.m in Sources */,
			);
			runOnlyForDeploymentPostprocessing = 0;
		};
/* End PBXSourcesBuildPhase section */

/* Begin PBXTargetDependency section */
		C3EAAEBC18D0A8F30097AE02 /* PBXTargetDependency */ = {
			isa = PBXTargetDependency;
			target = C3EAAE9418D0A8F30097AE02 /* RecipesNinja */;
			targetProxy = C3EAAEBB18D0A8F30097AE02 /* PBXContainerItemProxy */;
		};
/* End PBXTargetDependency section */

/* Begin PBXVariantGroup section */
		C3EAAEA318D0A8F30097AE02 /* InfoPlist.strings */ = {
			isa = PBXVariantGroup;
			children = (
				C3EAAEA418D0A8F30097AE02 /* en */,
			);
			name = InfoPlist.strings;
			sourceTree = "<group>";
		};
		C3EAAEC018D0A8F30097AE02 /* InfoPlist.strings */ = {
			isa = PBXVariantGroup;
			children = (
				C3EAAEC118D0A8F30097AE02 /* en */,
			);
			name = InfoPlist.strings;
			sourceTree = "<group>";
		};
/* End PBXVariantGroup section */

/* Begin XCBuildConfiguration section */
		C3EAAEC518D0A8F30097AE02 /* Debug */ = {
			isa = XCBuildConfiguration;
			buildSettings = {
				ALWAYS_SEARCH_USER_PATHS = NO;
				CLANG_CXX_LANGUAGE_STANDARD = "gnu++0x";
				CLANG_CXX_LIBRARY = "libc++";
				CLANG_ENABLE_MODULES = YES;
				CLANG_ENABLE_OBJC_ARC = YES;
				CLANG_WARN_BOOL_CONVERSION = YES;
				CLANG_WARN_CONSTANT_CONVERSION = YES;
				CLANG_WARN_DIRECT_OBJC_ISA_USAGE = YES_ERROR;
				CLANG_WARN_EMPTY_BODY = YES;
				CLANG_WARN_ENUM_CONVERSION = YES;
				CLANG_WARN_INT_CONVERSION = YES;
				CLANG_WARN_OBJC_ROOT_CLASS = YES_ERROR;
				CLANG_WARN__DUPLICATE_METHOD_MATCH = YES;
				"CODE_SIGN_IDENTITY[sdk=iphoneos*]" = "iPhone Developer";
				COPY_PHASE_STRIP = NO;
				GCC_C_LANGUAGE_STANDARD = gnu99;
				GCC_DYNAMIC_NO_PIC = NO;
				GCC_OPTIMIZATION_LEVEL = 0;
				GCC_PREPROCESSOR_DEFINITIONS = (
					"DEBUG=1",
					"$(inherited)",
				);
				GCC_SYMBOLS_PRIVATE_EXTERN = NO;
				GCC_WARN_64_TO_32_BIT_CONVERSION = YES;
				GCC_WARN_ABOUT_RETURN_TYPE = YES_ERROR;
				GCC_WARN_UNDECLARED_SELECTOR = YES;
				GCC_WARN_UNINITIALIZED_AUTOS = YES_AGGRESSIVE;
				GCC_WARN_UNUSED_FUNCTION = YES;
				GCC_WARN_UNUSED_VARIABLE = YES;
				IPHONEOS_DEPLOYMENT_TARGET = 7.1;
				ONLY_ACTIVE_ARCH = YES;
				SDKROOT = iphoneos;
			};
			name = Debug;
		};
		C3EAAEC618D0A8F30097AE02 /* Release */ = {
			isa = XCBuildConfiguration;
			buildSettings = {
				ALWAYS_SEARCH_USER_PATHS = NO;
				CLANG_CXX_LANGUAGE_STANDARD = "gnu++0x";
				CLANG_CXX_LIBRARY = "libc++";
				CLANG_ENABLE_MODULES = YES;
				CLANG_ENABLE_OBJC_ARC = YES;
				CLANG_WARN_BOOL_CONVERSION = YES;
				CLANG_WARN_CONSTANT_CONVERSION = YES;
				CLANG_WARN_DIRECT_OBJC_ISA_USAGE = YES_ERROR;
				CLANG_WARN_EMPTY_BODY = YES;
				CLANG_WARN_ENUM_CONVERSION = YES;
				CLANG_WARN_INT_CONVERSION = YES;
				CLANG_WARN_OBJC_ROOT_CLASS = YES_ERROR;
				CLANG_WARN__DUPLICATE_METHOD_MATCH = YES;
				"CODE_SIGN_IDENTITY[sdk=iphoneos*]" = "iPhone Developer";
				COPY_PHASE_STRIP = YES;
				ENABLE_NS_ASSERTIONS = NO;
				GCC_C_LANGUAGE_STANDARD = gnu99;
				GCC_WARN_64_TO_32_BIT_CONVERSION = YES;
				GCC_WARN_ABOUT_RETURN_TYPE = YES_ERROR;
				GCC_WARN_UNDECLARED_SELECTOR = YES;
				GCC_WARN_UNINITIALIZED_AUTOS = YES_AGGRESSIVE;
				GCC_WARN_UNUSED_FUNCTION = YES;
				GCC_WARN_UNUSED_VARIABLE = YES;
				IPHONEOS_DEPLOYMENT_TARGET = 7.1;
				SDKROOT = iphoneos;
				VALIDATE_PRODUCT = YES;
			};
			name = Release;
		};
		C3EAAEC818D0A8F30097AE02 /* Debug */ = {
			isa = XCBuildConfiguration;
			baseConfigurationReference = A5D11F6BC6034BD9959A4AD1 /* Pods.xcconfig */;
			buildSettings = {
				ASSETCATALOG_COMPILER_APPICON_NAME = AppIcon;
				ASSETCATALOG_COMPILER_LAUNCHIMAGE_NAME = LaunchImage;
				GCC_PRECOMPILE_PREFIX_HEADER = YES;
				GCC_PREFIX_HEADER = "RecipesNinja/RecipesNinja-Prefix.pch";
				INFOPLIST_FILE = "RecipesNinja/RecipesNinja-Info.plist";
				PRODUCT_NAME = "$(TARGET_NAME)";
				WRAPPER_EXTENSION = app;
			};
			name = Debug;
		};
		C3EAAEC918D0A8F30097AE02 /* Release */ = {
			isa = XCBuildConfiguration;
			baseConfigurationReference = A5D11F6BC6034BD9959A4AD1 /* Pods.xcconfig */;
			buildSettings = {
				ASSETCATALOG_COMPILER_APPICON_NAME = AppIcon;
				ASSETCATALOG_COMPILER_LAUNCHIMAGE_NAME = LaunchImage;
				GCC_PRECOMPILE_PREFIX_HEADER = YES;
				GCC_PREFIX_HEADER = "RecipesNinja/RecipesNinja-Prefix.pch";
				INFOPLIST_FILE = "RecipesNinja/RecipesNinja-Info.plist";
				PRODUCT_NAME = "$(TARGET_NAME)";
				WRAPPER_EXTENSION = app;
			};
			name = Release;
		};
		C3EAAECB18D0A8F30097AE02 /* Debug */ = {
			isa = XCBuildConfiguration;
			buildSettings = {
				BUNDLE_LOADER = "$(BUILT_PRODUCTS_DIR)/RecipesNinja.app/RecipesNinja";
				FRAMEWORK_SEARCH_PATHS = (
					"$(SDKROOT)/Developer/Library/Frameworks",
					"$(inherited)",
					"$(DEVELOPER_FRAMEWORKS_DIR)",
				);
				GCC_PRECOMPILE_PREFIX_HEADER = YES;
				GCC_PREFIX_HEADER = "RecipesNinja/RecipesNinja-Prefix.pch";
				GCC_PREPROCESSOR_DEFINITIONS = (
					"DEBUG=1",
					"$(inherited)",
				);
				INFOPLIST_FILE = "RecipesNinjaTests/RecipesNinjaTests-Info.plist";
				PRODUCT_NAME = "$(TARGET_NAME)";
				TEST_HOST = "$(BUNDLE_LOADER)";
				WRAPPER_EXTENSION = xctest;
			};
			name = Debug;
		};
		C3EAAECC18D0A8F30097AE02 /* Release */ = {
			isa = XCBuildConfiguration;
			buildSettings = {
				BUNDLE_LOADER = "$(BUILT_PRODUCTS_DIR)/RecipesNinja.app/RecipesNinja";
				FRAMEWORK_SEARCH_PATHS = (
					"$(SDKROOT)/Developer/Library/Frameworks",
					"$(inherited)",
					"$(DEVELOPER_FRAMEWORKS_DIR)",
				);
				GCC_PRECOMPILE_PREFIX_HEADER = YES;
				GCC_PREFIX_HEADER = "RecipesNinja/RecipesNinja-Prefix.pch";
				INFOPLIST_FILE = "RecipesNinjaTests/RecipesNinjaTests-Info.plist";
				PRODUCT_NAME = "$(TARGET_NAME)";
				TEST_HOST = "$(BUNDLE_LOADER)";
				WRAPPER_EXTENSION = xctest;
			};
			name = Release;
		};
/* End XCBuildConfiguration section */

/* Begin XCConfigurationList section */
		C3EAAE9018D0A8F30097AE02 /* Build configuration list for PBXProject "RecipesNinja" */ = {
			isa = XCConfigurationList;
			buildConfigurations = (
				C3EAAEC518D0A8F30097AE02 /* Debug */,
				C3EAAEC618D0A8F30097AE02 /* Release */,
			);
			defaultConfigurationIsVisible = 0;
			defaultConfigurationName = Release;
		};
		C3EAAEC718D0A8F30097AE02 /* Build configuration list for PBXNativeTarget "RecipesNinja" */ = {
			isa = XCConfigurationList;
			buildConfigurations = (
				C3EAAEC818D0A8F30097AE02 /* Debug */,
				C3EAAEC918D0A8F30097AE02 /* Release */,
			);
			defaultConfigurationIsVisible = 0;
			defaultConfigurationName = Release;
		};
		C3EAAECA18D0A8F30097AE02 /* Build configuration list for PBXNativeTarget "RecipesNinjaTests" */ = {
			isa = XCConfigurationList;
			buildConfigurations = (
				C3EAAECB18D0A8F30097AE02 /* Debug */,
				C3EAAECC18D0A8F30097AE02 /* Release */,
			);
			defaultConfigurationIsVisible = 0;
			defaultConfigurationName = Release;
		};
/* End XCConfigurationList section */

/* Begin XCVersionGroup section */
		C3EAAEAC18D0A8F30097AE02 /* RecipesNinja.xcdatamodeld */ = {
			isa = XCVersionGroup;
			children = (
				C3EAAEAD18D0A8F30097AE02 /* RecipesNinja.xcdatamodel */,
			);
			currentVersion = C3EAAEAD18D0A8F30097AE02 /* RecipesNinja.xcdatamodel */;
			path = RecipesNinja.xcdatamodeld;
			sourceTree = "<group>";
			versionGroupType = wrapper.xcdatamodel;
		};
/* End XCVersionGroup section */
	};
	rootObject = C3EAAE8D18D0A8F30097AE02 /* Project object */;
}
